
Microsoft Visual Studio Solution File, Format Version 12.00
# Visual Studio 15
VisualStudioVersion = 15.0.27428.2005
MinimumVisualStudioVersion = 10.0.40219.1
Project("{FAE04EC0-301F-11D3-BF4B-00C04F79EFBC}") = "MarsStreetView", "MarsStreetView\MarsStreetView.csproj", "{13974D83-8728-4CD1-B607-CE4ABE0C5723}"
EndProject
Global
	GlobalSection(SolutionConfigurationPlatforms) = preSolution
		Debug|Any CPU = Debug|Any CPU
		Release|Any CPU = Release|Any CPU
	EndGlobalSection
	GlobalSection(ProjectConfigurationPlatforms) = postSolution
		{13974D83-8728-4CD1-B607-CE4ABE0C5723}.Debug|Any CPU.ActiveCfg = Debug|Any CPU
		{13974D83-8728-4CD1-B607-CE4ABE0C5723}.Debug|Any CPU.Build.0 = Debug|Any CPU
		{13974D83-8728-4CD1-B607-CE4ABE0C5723}.Release|Any CPU.ActiveCfg = Release|Any CPU
		{13974D83-8728-4CD1-B607-CE4ABE0C5723}.Release|Any CPU.Build.0 = Release|Any CPU
	EndGlobalSection
	GlobalSection(SolutionProperties) = preSolution
		HideSolutionNode = FALSE
	EndGlobalSection
	GlobalSection(ExtensibilityGlobals) = postSolution
		SolutionGuid = {47CBF633-4055-4714-848E-80DFDB71A5BC}
	EndGlobalSection
EndGlobal
